
Microsoft Visual Studio Solution File, Format Version 12.00
# Visual Studio Version 17
VisualStudioVersion = 17.9.34607.119
MinimumVisualStudioVersion = 10.0.40219.1
Project("{9A19103F-16F7-4668-BE54-9A1E7A4F7556}") = "telyuKos", "telyukos\telyuKos.csproj", "{0845E476-8F10-4CC9-A13A-343BBA4BEF64}"
EndProject
<<<<<<< HEAD
Project("{9A19103F-16F7-4668-BE54-9A1E7A4F7556}") = "API", "API\API.csproj", "{00A04FA3-E303-4C68-8C39-5F6AEB111801}"
EndProject
Project("{9A19103F-16F7-4668-BE54-9A1E7A4F7556}") = "telyukos-library", "telyukos-library\telyukos-library.csproj", "{71668040-AC9E-4CD0-B6B7-1B236475E9A4}"
=======
Project("{9A19103F-16F7-4668-BE54-9A1E7A4F7556}") = "telyuKosAPI", "telyuKosAPI\telyuKosAPI.csproj", "{618F598C-DB17-48B8-90C0-96B0003C2E59}"
>>>>>>> 171bf40c01121dd530685c5abcf3c79a010f8545
EndProject
Global
	GlobalSection(SolutionConfigurationPlatforms) = preSolution
		Debug|Any CPU = Debug|Any CPU
		Release|Any CPU = Release|Any CPU
	EndGlobalSection
	GlobalSection(ProjectConfigurationPlatforms) = postSolution
		{0845E476-8F10-4CC9-A13A-343BBA4BEF64}.Debug|Any CPU.ActiveCfg = Debug|Any CPU
		{0845E476-8F10-4CC9-A13A-343BBA4BEF64}.Debug|Any CPU.Build.0 = Debug|Any CPU
		{0845E476-8F10-4CC9-A13A-343BBA4BEF64}.Release|Any CPU.ActiveCfg = Release|Any CPU
		{0845E476-8F10-4CC9-A13A-343BBA4BEF64}.Release|Any CPU.Build.0 = Release|Any CPU
<<<<<<< HEAD
		{00A04FA3-E303-4C68-8C39-5F6AEB111801}.Debug|Any CPU.ActiveCfg = Debug|Any CPU
		{00A04FA3-E303-4C68-8C39-5F6AEB111801}.Debug|Any CPU.Build.0 = Debug|Any CPU
		{00A04FA3-E303-4C68-8C39-5F6AEB111801}.Release|Any CPU.ActiveCfg = Release|Any CPU
		{00A04FA3-E303-4C68-8C39-5F6AEB111801}.Release|Any CPU.Build.0 = Release|Any CPU
		{71668040-AC9E-4CD0-B6B7-1B236475E9A4}.Debug|Any CPU.ActiveCfg = Debug|Any CPU
		{71668040-AC9E-4CD0-B6B7-1B236475E9A4}.Debug|Any CPU.Build.0 = Debug|Any CPU
		{71668040-AC9E-4CD0-B6B7-1B236475E9A4}.Release|Any CPU.ActiveCfg = Release|Any CPU
		{71668040-AC9E-4CD0-B6B7-1B236475E9A4}.Release|Any CPU.Build.0 = Release|Any CPU
=======
		{618F598C-DB17-48B8-90C0-96B0003C2E59}.Debug|Any CPU.ActiveCfg = Debug|Any CPU
		{618F598C-DB17-48B8-90C0-96B0003C2E59}.Debug|Any CPU.Build.0 = Debug|Any CPU
		{618F598C-DB17-48B8-90C0-96B0003C2E59}.Release|Any CPU.ActiveCfg = Release|Any CPU
		{618F598C-DB17-48B8-90C0-96B0003C2E59}.Release|Any CPU.Build.0 = Release|Any CPU
>>>>>>> 171bf40c01121dd530685c5abcf3c79a010f8545
	EndGlobalSection
	GlobalSection(SolutionProperties) = preSolution
		HideSolutionNode = FALSE
	EndGlobalSection
	GlobalSection(ExtensibilityGlobals) = postSolution
		SolutionGuid = {A24600CE-6111-4755-9A64-480173A50DAF}
	EndGlobalSection
EndGlobal
